
Microsoft Visual Studio Solution File, Format Version 12.00
# Visual Studio 2012
Project("{FAE04EC0-301F-11D3-BF4B-00C04F79EFBC}") = "Attractions.Web4", "Attractions.Web4\Attractions.Web4.csproj", "{9DFEE981-367E-4889-B7E5-3D96ED5E5934}"
EndProject
Project("{FAE04EC0-301F-11D3-BF4B-00C04F79EFBC}") = "Attractions.Web.Repository", "..\Attractions.Web.Repository\Attractions.Web.Repository.csproj", "{4A1048DA-0B5D-4630-93DC-9CA5ACD5A732}"
EndProject
Project("{FAE04EC0-301F-11D3-BF4B-00C04F79EFBC}") = "Attractions.Web.Entities", "..\Attractions.Web.Entities\Attractions.Web.Entities.csproj", "{EEE90CFD-DF24-4D7F-B4C9-87BCAAEBC354}"
EndProject
Global
	GlobalSection(SolutionConfigurationPlatforms) = preSolution
		Debug|Any CPU = Debug|Any CPU
		Release|Any CPU = Release|Any CPU
	EndGlobalSection
	GlobalSection(ProjectConfigurationPlatforms) = postSolution
		{9DFEE981-367E-4889-B7E5-3D96ED5E5934}.Debug|Any CPU.ActiveCfg = Debug|Any CPU
		{9DFEE981-367E-4889-B7E5-3D96ED5E5934}.Debug|Any CPU.Build.0 = Debug|Any CPU
		{9DFEE981-367E-4889-B7E5-3D96ED5E5934}.Release|Any CPU.ActiveCfg = Release|Any CPU
		{9DFEE981-367E-4889-B7E5-3D96ED5E5934}.Release|Any CPU.Build.0 = Release|Any CPU
		{4A1048DA-0B5D-4630-93DC-9CA5ACD5A732}.Debug|Any CPU.ActiveCfg = Debug|Any CPU
		{4A1048DA-0B5D-4630-93DC-9CA5ACD5A732}.Debug|Any CPU.Build.0 = Debug|Any CPU
		{4A1048DA-0B5D-4630-93DC-9CA5ACD5A732}.Release|Any CPU.ActiveCfg = Release|Any CPU
		{4A1048DA-0B5D-4630-93DC-9CA5ACD5A732}.Release|Any CPU.Build.0 = Release|Any CPU
		{EEE90CFD-DF24-4D7F-B4C9-87BCAAEBC354}.Debug|Any CPU.ActiveCfg = Debug|Any CPU
		{EEE90CFD-DF24-4D7F-B4C9-87BCAAEBC354}.Debug|Any CPU.Build.0 = Debug|Any CPU
		{EEE90CFD-DF24-4D7F-B4C9-87BCAAEBC354}.Release|Any CPU.ActiveCfg = Release|Any CPU
		{EEE90CFD-DF24-4D7F-B4C9-87BCAAEBC354}.Release|Any CPU.Build.0 = Release|Any CPU
	EndGlobalSection
	GlobalSection(SolutionProperties) = preSolution
		HideSolutionNode = FALSE
	EndGlobalSection
EndGlobal
